
Microsoft Visual Studio Solution File, Format Version 12.00
# Visual Studio Version 16
VisualStudioVersion = 16.0.31424.327
MinimumVisualStudioVersion = 10.0.40219.1
Project("{FAE04EC0-301F-11D3-BF4B-00C04F79EFBC}") = "IronWater", "WindowsFormsApp1\IronWater.csproj", "{6437D3DF-49B5-4CD9-BE92-384B45A593F1}"
EndProject
Project("{54435603-DBB4-11D2-8724-00A0C9A8B90C}") = "proco_11.15", "proco_11.15\proco_11.15.vdproj", "{905FFB64-66B5-4627-963A-068425EDA346}"
EndProject
Global
	GlobalSection(SolutionConfigurationPlatforms) = preSolution
		Debug|Any CPU = Debug|Any CPU
		Release|Any CPU = Release|Any CPU
	EndGlobalSection
	GlobalSection(ProjectConfigurationPlatforms) = postSolution
		{6437D3DF-49B5-4CD9-BE92-384B45A593F1}.Debug|Any CPU.ActiveCfg = Debug|Any CPU
		{6437D3DF-49B5-4CD9-BE92-384B45A593F1}.Debug|Any CPU.Build.0 = Debug|Any CPU
		{6437D3DF-49B5-4CD9-BE92-384B45A593F1}.Release|Any CPU.ActiveCfg = Release|Any CPU
		{6437D3DF-49B5-4CD9-BE92-384B45A593F1}.Release|Any CPU.Build.0 = Release|Any CPU
		{905FFB64-66B5-4627-963A-068425EDA346}.Debug|Any CPU.ActiveCfg = Debug
		{905FFB64-66B5-4627-963A-068425EDA346}.Release|Any CPU.ActiveCfg = Release
	EndGlobalSection
	GlobalSection(SolutionProperties) = preSolution
		HideSolutionNode = FALSE
	EndGlobalSection
	GlobalSection(ExtensibilityGlobals) = postSolution
		SolutionGuid = {47334318-084E-4825-92BF-622A329092B5}
	EndGlobalSection
EndGlobal
